
Microsoft Visual Studio Solution File, Format Version 12.00
# Visual Studio Version 17
VisualStudioVersion = 17.3.32901.215
MinimumVisualStudioVersion = 10.0.40219.1
Project("{FAE04EC0-301F-11D3-BF4B-00C04F79EFBC}") = "ControlesImagenes", "ControlesImagenes.csproj", "{19B9DE15-AF3A-4C4C-A0B8-F9A91C69414D}"
EndProject
Global
	GlobalSection(SolutionConfigurationPlatforms) = preSolution
		Debug|Any CPU = Debug|Any CPU
		Release|Any CPU = Release|Any CPU
	EndGlobalSection
	GlobalSection(ProjectConfigurationPlatforms) = postSolution
		{19B9DE15-AF3A-4C4C-A0B8-F9A91C69414D}.Debug|Any CPU.ActiveCfg = Debug|Any CPU
		{19B9DE15-AF3A-4C4C-A0B8-F9A91C69414D}.Debug|Any CPU.Build.0 = Debug|Any CPU
		{19B9DE15-AF3A-4C4C-A0B8-F9A91C69414D}.Release|Any CPU.ActiveCfg = Release|Any CPU
		{19B9DE15-AF3A-4C4C-A0B8-F9A91C69414D}.Release|Any CPU.Build.0 = Release|Any CPU
	EndGlobalSection
	GlobalSection(SolutionProperties) = preSolution
		HideSolutionNode = FALSE
	EndGlobalSection
	GlobalSection(ExtensibilityGlobals) = postSolution
		SolutionGuid = {1FC15C7B-4A67-4309-A0A4-D98C77D56EB7}
	EndGlobalSection
EndGlobal
