
Microsoft Visual Studio Solution File, Format Version 12.00
# Visual Studio Version 17
VisualStudioVersion = 17.3.32901.215
MinimumVisualStudioVersion = 10.0.40219.1
Project("{FAE04EC0-301F-11D3-BF4B-00C04F79EFBC}") = "CicloVidaForms", "CicloVidaForms.csproj", "{FBC13479-8C5A-4286-BAFC-A6187AA9EEA0}"
EndProject
Global
	GlobalSection(SolutionConfigurationPlatforms) = preSolution
		Debug|Any CPU = Debug|Any CPU
		Release|Any CPU = Release|Any CPU
	EndGlobalSection
	GlobalSection(ProjectConfigurationPlatforms) = postSolution
		{FBC13479-8C5A-4286-BAFC-A6187AA9EEA0}.Debug|Any CPU.ActiveCfg = Debug|Any CPU
		{FBC13479-8C5A-4286-BAFC-A6187AA9EEA0}.Debug|Any CPU.Build.0 = Debug|Any CPU
		{FBC13479-8C5A-4286-BAFC-A6187AA9EEA0}.Release|Any CPU.ActiveCfg = Release|Any CPU
		{FBC13479-8C5A-4286-BAFC-A6187AA9EEA0}.Release|Any CPU.Build.0 = Release|Any CPU
	EndGlobalSection
	GlobalSection(SolutionProperties) = preSolution
		HideSolutionNode = FALSE
	EndGlobalSection
	GlobalSection(ExtensibilityGlobals) = postSolution
		SolutionGuid = {ABBFBA16-DBC1-4661-9FD9-F2F5E294D95F}
	EndGlobalSection
EndGlobal
