
Microsoft Visual Studio Solution File, Format Version 12.00
# Visual Studio Version 17
VisualStudioVersion = 17.3.32901.215
MinimumVisualStudioVersion = 10.0.40219.1
Project("{FAE04EC0-301F-11D3-BF4B-00C04F79EFBC}") = "ServiciosREST", "ServiciosREST.csproj", "{44A6A5B5-D2FD-47D9-8659-2854FF2AAAE5}"
EndProject
Global
	GlobalSection(SolutionConfigurationPlatforms) = preSolution
		Debug|Any CPU = Debug|Any CPU
		Release|Any CPU = Release|Any CPU
	EndGlobalSection
	GlobalSection(ProjectConfigurationPlatforms) = postSolution
		{44A6A5B5-D2FD-47D9-8659-2854FF2AAAE5}.Debug|Any CPU.ActiveCfg = Debug|Any CPU
		{44A6A5B5-D2FD-47D9-8659-2854FF2AAAE5}.Debug|Any CPU.Build.0 = Debug|Any CPU
		{44A6A5B5-D2FD-47D9-8659-2854FF2AAAE5}.Release|Any CPU.ActiveCfg = Release|Any CPU
		{44A6A5B5-D2FD-47D9-8659-2854FF2AAAE5}.Release|Any CPU.Build.0 = Release|Any CPU
	EndGlobalSection
	GlobalSection(SolutionProperties) = preSolution
		HideSolutionNode = FALSE
	EndGlobalSection
	GlobalSection(ExtensibilityGlobals) = postSolution
		SolutionGuid = {1A55A629-24B6-4029-B4CE-8F7F603874B0}
	EndGlobalSection
EndGlobal
