
Microsoft Visual Studio Solution File, Format Version 12.00
# Visual Studio Version 17
VisualStudioVersion = 17.3.32901.215
MinimumVisualStudioVersion = 10.0.40219.1
Project("{FAE04EC0-301F-11D3-BF4B-00C04F79EFBC}") = "ControlesInteraccion", "ControlesInteraccion.csproj", "{8B12F6DE-E8F0-4123-B12B-3814C31C15D6}"
EndProject
Global
	GlobalSection(SolutionConfigurationPlatforms) = preSolution
		Debug|Any CPU = Debug|Any CPU
		Release|Any CPU = Release|Any CPU
	EndGlobalSection
	GlobalSection(ProjectConfigurationPlatforms) = postSolution
		{8B12F6DE-E8F0-4123-B12B-3814C31C15D6}.Debug|Any CPU.ActiveCfg = Debug|Any CPU
		{8B12F6DE-E8F0-4123-B12B-3814C31C15D6}.Debug|Any CPU.Build.0 = Debug|Any CPU
		{8B12F6DE-E8F0-4123-B12B-3814C31C15D6}.Release|Any CPU.ActiveCfg = Release|Any CPU
		{8B12F6DE-E8F0-4123-B12B-3814C31C15D6}.Release|Any CPU.Build.0 = Release|Any CPU
	EndGlobalSection
	GlobalSection(SolutionProperties) = preSolution
		HideSolutionNode = FALSE
	EndGlobalSection
	GlobalSection(ExtensibilityGlobals) = postSolution
		SolutionGuid = {B442F0B5-696D-4686-9C39-F6E30EB75F14}
	EndGlobalSection
EndGlobal
