
Microsoft Visual Studio Solution File, Format Version 12.00
# Visual Studio Version 17
VisualStudioVersion = 17.3.32901.215
MinimumVisualStudioVersion = 10.0.40219.1
Project("{FAE04EC0-301F-11D3-BF4B-00C04F79EFBC}") = "ControlesPersonalizados", "ControlesPersonalizados.csproj", "{0C7F329F-8C69-4A18-80FD-3B92A260579D}"
EndProject
Global
	GlobalSection(SolutionConfigurationPlatforms) = preSolution
		Debug|Any CPU = Debug|Any CPU
		Release|Any CPU = Release|Any CPU
	EndGlobalSection
	GlobalSection(ProjectConfigurationPlatforms) = postSolution
		{0C7F329F-8C69-4A18-80FD-3B92A260579D}.Debug|Any CPU.ActiveCfg = Debug|Any CPU
		{0C7F329F-8C69-4A18-80FD-3B92A260579D}.Debug|Any CPU.Build.0 = Debug|Any CPU
		{0C7F329F-8C69-4A18-80FD-3B92A260579D}.Release|Any CPU.ActiveCfg = Release|Any CPU
		{0C7F329F-8C69-4A18-80FD-3B92A260579D}.Release|Any CPU.Build.0 = Release|Any CPU
	EndGlobalSection
	GlobalSection(SolutionProperties) = preSolution
		HideSolutionNode = FALSE
	EndGlobalSection
	GlobalSection(ExtensibilityGlobals) = postSolution
		SolutionGuid = {B0986DF0-2EAD-4F7D-B4C8-1ED21ABBA670}
	EndGlobalSection
EndGlobal
