
Microsoft Visual Studio Solution File, Format Version 12.00
# Visual Studio Version 17
VisualStudioVersion = 17.3.32901.215
MinimumVisualStudioVersion = 10.0.40219.1
Project("{FAE04EC0-301F-11D3-BF4B-00C04F79EFBC}") = "Wmi", "Wmi.csproj", "{CF862C05-8FC0-4D94-BA27-0B2AE6A256FB}"
EndProject
Global
	GlobalSection(SolutionConfigurationPlatforms) = preSolution
		Debug|Any CPU = Debug|Any CPU
		Release|Any CPU = Release|Any CPU
	EndGlobalSection
	GlobalSection(ProjectConfigurationPlatforms) = postSolution
		{CF862C05-8FC0-4D94-BA27-0B2AE6A256FB}.Debug|Any CPU.ActiveCfg = Debug|Any CPU
		{CF862C05-8FC0-4D94-BA27-0B2AE6A256FB}.Debug|Any CPU.Build.0 = Debug|Any CPU
		{CF862C05-8FC0-4D94-BA27-0B2AE6A256FB}.Release|Any CPU.ActiveCfg = Release|Any CPU
		{CF862C05-8FC0-4D94-BA27-0B2AE6A256FB}.Release|Any CPU.Build.0 = Release|Any CPU
	EndGlobalSection
	GlobalSection(SolutionProperties) = preSolution
		HideSolutionNode = FALSE
	EndGlobalSection
	GlobalSection(ExtensibilityGlobals) = postSolution
		SolutionGuid = {0D35D9AD-2FEE-43D2-B09F-59352D7EC68D}
	EndGlobalSection
EndGlobal
