
Microsoft Visual Studio Solution File, Format Version 12.00
# Visual Studio Version 17
VisualStudioVersion = 17.3.32901.215
MinimumVisualStudioVersion = 10.0.40219.1
Project("{FAE04EC0-301F-11D3-BF4B-00C04F79EFBC}") = "AplicacionesSdi", "AplicacionesSdi.csproj", "{24CDA59F-8ACE-4613-AE3C-0BA59A90FFAD}"
EndProject
Global
	GlobalSection(SolutionConfigurationPlatforms) = preSolution
		Debug|Any CPU = Debug|Any CPU
		Release|Any CPU = Release|Any CPU
	EndGlobalSection
	GlobalSection(ProjectConfigurationPlatforms) = postSolution
		{24CDA59F-8ACE-4613-AE3C-0BA59A90FFAD}.Debug|Any CPU.ActiveCfg = Debug|Any CPU
		{24CDA59F-8ACE-4613-AE3C-0BA59A90FFAD}.Debug|Any CPU.Build.0 = Debug|Any CPU
		{24CDA59F-8ACE-4613-AE3C-0BA59A90FFAD}.Release|Any CPU.ActiveCfg = Release|Any CPU
		{24CDA59F-8ACE-4613-AE3C-0BA59A90FFAD}.Release|Any CPU.Build.0 = Release|Any CPU
	EndGlobalSection
	GlobalSection(SolutionProperties) = preSolution
		HideSolutionNode = FALSE
	EndGlobalSection
	GlobalSection(ExtensibilityGlobals) = postSolution
		SolutionGuid = {0F13D135-5A96-439D-91BA-595DDC9A877F}
	EndGlobalSection
EndGlobal
